PODS:
  - audioplayers_darwin (0.0.1):
    - Flutter
    - FlutterMacOS
  - device_info_plus (0.0.1):
    - FlutterMacOS
  - ffmpeg_kit_flutter_new_min (7.1.1):
    - ffmpeg_kit_flutter_new_min/min (= 7.1.1)
    - FlutterMacOS
  - ffmpeg_kit_flutter_new_min/min (7.1.1):
    - FlutterMacOS
  - flutter_local_notifications (0.0.1):
    - FlutterMacOS
  - FlutterMacOS (1.0.0)
  - path_provider_foundation (0.0.1):
    - Flutter
    - FlutterMacOS
  - record_macos (1.2.0):
    - FlutterMacOS
  - whisper_ggml (1.0.0):
    - FlutterMacOS

DEPENDENCIES:
  - audioplayers_darwin (from `Flutter/ephemeral/.symlinks/plugins/audioplayers_darwin/darwin`)
  - device_info_plus (from `Flutter/ephemeral/.symlinks/plugins/device_info_plus/macos`)
  - ffmpeg_kit_flutter_new_min (from `Flutter/ephemeral/.symlinks/plugins/ffmpeg_kit_flutter_new_min/macos`)
  - flutter_local_notifications (from `Flutter/ephemeral/.symlinks/plugins/flutter_local_notifications/macos`)
  - FlutterMacOS (from `Flutter/ephemeral`)
  - path_provider_foundation (from `Flutter/ephemeral/.symlinks/plugins/path_provider_foundation/darwin`)
  - record_macos (from `Flutter/ephemeral/.symlinks/plugins/record_macos/macos`)
  - whisper_ggml (from `Flutter/ephemeral/.symlinks/plugins/whisper_ggml/macos`)

EXTERNAL SOURCES:
  audioplayers_darwin:
    :path: Flutter/ephemeral/.symlinks/plugins/audioplayers_darwin/darwin
  device_info_plus:
    :path: Flutter/ephemeral/.symlinks/plugins/device_info_plus/macos
  ffmpeg_kit_flutter_new_min:
    :path: Flutter/ephemeral/.symlinks/plugins/ffmpeg_kit_flutter_new_min/macos
  flutter_local_notifications:
    :path: Flutter/ephemeral/.symlinks/plugins/flutter_local_notifications/macos
  FlutterMacOS:
    :path: Flutter/ephemeral
  path_provider_foundation:
    :path: Flutter/ephemeral/.symlinks/plugins/path_provider_foundation/darwin
  record_macos:
    :path: Flutter/ephemeral/.symlinks/plugins/record_macos/macos
  whisper_ggml:
    :path: Flutter/ephemeral/.symlinks/plugins/whisper_ggml/macos

SPEC CHECKSUMS:
  audioplayers_darwin: 4027b33a8f471d996c13f71cb77f0b1583b5d923
  device_info_plus: 1b14eed9bf95428983aed283a8d51cce3d8c4215
  ffmpeg_kit_flutter_new_min: 9a859120bdef0222d153a51b9cbda0cc5873909a
  flutter_local_notifications: 4ccab5b7a22835214a6672e3f9c5e8ae207dab36
  FlutterMacOS: d0db08ddef1a9af05a5ec4b724367152bb0500b1
  path_provider_foundation: 0b743cbb62d8e47eab856f09262bb8c1ddcfe6ba
  record_macos: 4680f37daeebf52162e715efb7ff682f0a5ce4fd
  whisper_ggml: 2dfcdf21a91dc9c620eeed917ad7835a30d27aca

PODFILE CHECKSUM: 54d867c82ac51cbd61b565781b9fada492027009

COCOAPODS: 1.16.2
